
Microsoft Visual Studio Solution File, Format Version 12.00
# Visual Studio 15
VisualStudioVersion = 15.0.28307.705
MinimumVisualStudioVersion = 10.0.40219.1
Project("{FAE04EC0-301F-11D3-BF4B-00C04F79EFBC}") = "Route", "Route\Route.csproj", "{C10F288C-A2EE-4753-BF9C-BBECDE032649}"
EndProject
Project("{FAE04EC0-301F-11D3-BF4B-00C04F79EFBC}") = "Route.Test", "Route.Test\Route.Test.csproj", "{2CB5CED1-C385-4614-ACE1-D649AABBBA94}"
EndProject
Project("{FAE04EC0-301F-11D3-BF4B-00C04F79EFBC}") = "Route.Common", "Route.Common\Route.Common.csproj", "{D312009C-C8DD-4387-9D32-23AA1D61EB1C}"
EndProject
Project("{FAE04EC0-301F-11D3-BF4B-00C04F79EFBC}") = "Route.Services", "Route.Services\Route.Services.csproj", "{53D13295-77A1-41D7-A92D-56535A05759B}"
EndProject
Project("{FAE04EC0-301F-11D3-BF4B-00C04F79EFBC}") = "Route.Business", "Route.Business\Route.Business.csproj", "{DF646377-7455-4F3F-A803-A70EE3B96AEA}"
EndProject
Project("{FAE04EC0-301F-11D3-BF4B-00C04F79EFBC}") = "Route.Models", "Route.Models\Route.Models.csproj", "{E9DD3838-A098-4060-A783-3A06B21245A7}"
EndProject
Global
	GlobalSection(SolutionConfigurationPlatforms) = preSolution
		Debug|Any CPU = Debug|Any CPU
		Release|Any CPU = Release|Any CPU
	EndGlobalSection
	GlobalSection(ProjectConfigurationPlatforms) = postSolution
		{C10F288C-A2EE-4753-BF9C-BBECDE032649}.Debug|Any CPU.ActiveCfg = Debug|Any CPU
		{C10F288C-A2EE-4753-BF9C-BBECDE032649}.Debug|Any CPU.Build.0 = Debug|Any CPU
		{C10F288C-A2EE-4753-BF9C-BBECDE032649}.Release|Any CPU.ActiveCfg = Release|Any CPU
		{C10F288C-A2EE-4753-BF9C-BBECDE032649}.Release|Any CPU.Build.0 = Release|Any CPU
		{2CB5CED1-C385-4614-ACE1-D649AABBBA94}.Debug|Any CPU.ActiveCfg = Debug|Any CPU
		{2CB5CED1-C385-4614-ACE1-D649AABBBA94}.Debug|Any CPU.Build.0 = Debug|Any CPU
		{2CB5CED1-C385-4614-ACE1-D649AABBBA94}.Release|Any CPU.ActiveCfg = Release|Any CPU
		{2CB5CED1-C385-4614-ACE1-D649AABBBA94}.Release|Any CPU.Build.0 = Release|Any CPU
		{D312009C-C8DD-4387-9D32-23AA1D61EB1C}.Debug|Any CPU.ActiveCfg = Debug|Any CPU
		{D312009C-C8DD-4387-9D32-23AA1D61EB1C}.Debug|Any CPU.Build.0 = Debug|Any CPU
		{D312009C-C8DD-4387-9D32-23AA1D61EB1C}.Release|Any CPU.ActiveCfg = Release|Any CPU
		{D312009C-C8DD-4387-9D32-23AA1D61EB1C}.Release|Any CPU.Build.0 = Release|Any CPU
		{53D13295-77A1-41D7-A92D-56535A05759B}.Debug|Any CPU.ActiveCfg = Debug|Any CPU
		{53D13295-77A1-41D7-A92D-56535A05759B}.Debug|Any CPU.Build.0 = Debug|Any CPU
		{53D13295-77A1-41D7-A92D-56535A05759B}.Release|Any CPU.ActiveCfg = Release|Any CPU
		{53D13295-77A1-41D7-A92D-56535A05759B}.Release|Any CPU.Build.0 = Release|Any CPU
		{DF646377-7455-4F3F-A803-A70EE3B96AEA}.Debug|Any CPU.ActiveCfg = Debug|Any CPU
		{DF646377-7455-4F3F-A803-A70EE3B96AEA}.Debug|Any CPU.Build.0 = Debug|Any CPU
		{DF646377-7455-4F3F-A803-A70EE3B96AEA}.Release|Any CPU.ActiveCfg = Release|Any CPU
		{DF646377-7455-4F3F-A803-A70EE3B96AEA}.Release|Any CPU.Build.0 = Release|Any CPU
		{E9DD3838-A098-4060-A783-3A06B21245A7}.Debug|Any CPU.ActiveCfg = Debug|Any CPU
		{E9DD3838-A098-4060-A783-3A06B21245A7}.Debug|Any CPU.Build.0 = Debug|Any CPU
		{E9DD3838-A098-4060-A783-3A06B21245A7}.Release|Any CPU.ActiveCfg = Release|Any CPU
		{E9DD3838-A098-4060-A783-3A06B21245A7}.Release|Any CPU.Build.0 = Release|Any CPU
	EndGlobalSection
	GlobalSection(SolutionProperties) = preSolution
		HideSolutionNode = FALSE
	EndGlobalSection
	GlobalSection(ExtensibilityGlobals) = postSolution
		SolutionGuid = {30D93BF4-0C1F-4FE3-9C74-4865F7C05825}
	EndGlobalSection
EndGlobal
